
Microsoft Visual Studio Solution File, Format Version 12.00
# Visual Studio Version 16
VisualStudioVersion = 16.0.29001.49
MinimumVisualStudioVersion = 10.0.40219.1
Project("{9A19103F-16F7-4668-BE54-9A1E7A4F7556}") = "DiveLog.DAL", "DiveLog.DAL\DiveLog.DAL.csproj", "{A5558C32-6ACB-4286-A475-9ECA81AF4107}"
EndProject
Project("{FAE04EC0-301F-11D3-BF4B-00C04F79EFBC}") = "DiveLog", "DiveLog\DiveLog.csproj", "{A0B9C704-30E2-4947-85EA-B6523DA4BBFA}"
EndProject
Project("{9A19103F-16F7-4668-BE54-9A1E7A4F7556}") = "DiveLog.API", "DiveLog.API\DiveLog.API.csproj", "{C8AC2AAB-83B4-4B46-BB56-AE39C01ABD85}"
EndProject
Project("{2150E333-8FDC-42A3-9474-1A3956D46DE8}") = "WebAPI", "WebAPI", "{AAC9207E-6FC7-4F23-AB3B-ADB2368D5382}"
EndProject
Project("{2150E333-8FDC-42A3-9474-1A3956D46DE8}") = "Solution Items", "Solution Items", "{205034B6-2A55-4951-A35E-0158B3FAA507}"
	ProjectSection(SolutionItems) = preProject
		.gitattributes = .gitattributes
		.gitignore = .gitignore
		README.md = README.md
	EndProjectSection
EndProject
Global
	GlobalSection(SolutionConfigurationPlatforms) = preSolution
		Debug|Any CPU = Debug|Any CPU
		Release|Any CPU = Release|Any CPU
	EndGlobalSection
	GlobalSection(ProjectConfigurationPlatforms) = postSolution
		{A5558C32-6ACB-4286-A475-9ECA81AF4107}.Debug|Any CPU.ActiveCfg = Debug|Any CPU
		{A5558C32-6ACB-4286-A475-9ECA81AF4107}.Debug|Any CPU.Build.0 = Debug|Any CPU
		{A5558C32-6ACB-4286-A475-9ECA81AF4107}.Release|Any CPU.ActiveCfg = Release|Any CPU
		{A5558C32-6ACB-4286-A475-9ECA81AF4107}.Release|Any CPU.Build.0 = Release|Any CPU
		{A0B9C704-30E2-4947-85EA-B6523DA4BBFA}.Debug|Any CPU.ActiveCfg = Debug|Any CPU
		{A0B9C704-30E2-4947-85EA-B6523DA4BBFA}.Debug|Any CPU.Build.0 = Debug|Any CPU
		{A0B9C704-30E2-4947-85EA-B6523DA4BBFA}.Release|Any CPU.ActiveCfg = Release|Any CPU
		{A0B9C704-30E2-4947-85EA-B6523DA4BBFA}.Release|Any CPU.Build.0 = Release|Any CPU
		{C8AC2AAB-83B4-4B46-BB56-AE39C01ABD85}.Debug|Any CPU.ActiveCfg = Debug|Any CPU
		{C8AC2AAB-83B4-4B46-BB56-AE39C01ABD85}.Debug|Any CPU.Build.0 = Debug|Any CPU
		{C8AC2AAB-83B4-4B46-BB56-AE39C01ABD85}.Release|Any CPU.ActiveCfg = Release|Any CPU
		{C8AC2AAB-83B4-4B46-BB56-AE39C01ABD85}.Release|Any CPU.Build.0 = Release|Any CPU
	EndGlobalSection
	GlobalSection(SolutionProperties) = preSolution
		HideSolutionNode = FALSE
	EndGlobalSection
	GlobalSection(NestedProjects) = preSolution
		{A5558C32-6ACB-4286-A475-9ECA81AF4107} = {AAC9207E-6FC7-4F23-AB3B-ADB2368D5382}
		{C8AC2AAB-83B4-4B46-BB56-AE39C01ABD85} = {AAC9207E-6FC7-4F23-AB3B-ADB2368D5382}
	EndGlobalSection
	GlobalSection(ExtensibilityGlobals) = postSolution
		SolutionGuid = {8DC7F43C-6FF3-4998-969C-708F82E0E2B6}
	EndGlobalSection
EndGlobal
